
Microsoft Visual Studio Solution File, Format Version 11.00
# Visual Studio 2010
# SharpDevelop 5.1
Project("{FAE04EC0-301F-11D3-BF4B-00C04F79EFBC}") = "UTS_PV5", "UTS_PV5\UTS_PV5.csproj", "{464D79E6-74A0-4E0D-BF36-825965641C74}"
EndProject
Global
	GlobalSection(SolutionConfigurationPlatforms) = preSolution
		Debug|Any CPU = Debug|Any CPU
		Release|Any CPU = Release|Any CPU
	EndGlobalSection
	GlobalSection(ProjectConfigurationPlatforms) = postSolution
		{464D79E6-74A0-4E0D-BF36-825965641C74}.Debug|Any CPU.ActiveCfg = Debug|Any CPU
		{464D79E6-74A0-4E0D-BF36-825965641C74}.Debug|Any CPU.Build.0 = Debug|Any CPU
		{464D79E6-74A0-4E0D-BF36-825965641C74}.Release|Any CPU.ActiveCfg = Release|Any CPU
		{464D79E6-74A0-4E0D-BF36-825965641C74}.Release|Any CPU.Build.0 = Release|Any CPU
	EndGlobalSection
EndGlobal
